{
  "requires": true,
  "lockfileVersion": 1,
  "dependencies": {
    "base-64": {
      "version": "0.1.0",
      "resolved": "https://registry.npmjs.org/base-64/-/base-64-0.1.0.tgz",
      "integrity": "sha512-Y5gU45svrR5tI2Vt/X9GPd3L0HNIKzGu202EjxrXMpuc2V2CiKgemAbUUsqYmZJvPtCXoUKjNZwBJzsNScUbXA=="
    },
    "react-native-fs": {
      "version": "2.20.0",
      "resolved": "https://registry.npmjs.org/react-native-fs/-/react-native-fs-2.20.0.tgz",
      "integrity": "sha512-VkTBzs7fIDUiy/XajOSNk0XazFE9l+QlMAce7lGuebZcag5CnjszB+u4BdqzwaQOdcYb5wsJIsqq4kxInIRpJQ==",
      "requires": {
        "base-64": "^0.1.0",
        "utf8": "^3.0.0"
      }
    },
    "utf8": {
      "version": "3.0.0",
      "resolved": "https://registry.npmjs.org/utf8/-/utf8-3.0.0.tgz",
      "integrity": "sha512-E8VjFIQ/TyQgp+TZfS6l8yp/xWppSAHzidGiRrqe4bK4XP9pTRyKFgGJpO3SN7zdX4DeomTrwaseCHovfpFcqQ=="
    }
  }
}
